
Microsoft Visual Studio Solution File, Format Version 12.00
# Visual Studio Version 17
VisualStudioVersion = 17.7.34202.233
MinimumVisualStudioVersion = 10.0.40219.1
Project("{FAE04EC0-301F-11D3-BF4B-00C04F79EFBC}") = "DotNet6Authen", "DotNet6Authen\DotNet6Authen.csproj", "{611BA243-EBCC-46B8-A825-EB1802C98DFA}"
EndProject
Global
	GlobalSection(SolutionConfigurationPlatforms) = preSolution
		Debug|Any CPU = Debug|Any CPU
		Release|Any CPU = Release|Any CPU
	EndGlobalSection
	GlobalSection(ProjectConfigurationPlatforms) = postSolution
		{611BA243-EBCC-46B8-A825-EB1802C98DFA}.Debug|Any CPU.ActiveCfg = Debug|Any CPU
		{611BA243-EBCC-46B8-A825-EB1802C98DFA}.Debug|Any CPU.Build.0 = Debug|Any CPU
		{611BA243-EBCC-46B8-A825-EB1802C98DFA}.Release|Any CPU.ActiveCfg = Release|Any CPU
		{611BA243-EBCC-46B8-A825-EB1802C98DFA}.Release|Any CPU.Build.0 = Release|Any CPU
	EndGlobalSection
	GlobalSection(SolutionProperties) = preSolution
		HideSolutionNode = FALSE
	EndGlobalSection
	GlobalSection(ExtensibilityGlobals) = postSolution
		SolutionGuid = {60B71264-7489-4EC6-9B94-18A32E3175A7}
	EndGlobalSection
EndGlobal
